github.com/gorilla/handlers v1.4.0 h1:XulKRWSQK5uChr4pEgSE4Tc/OcmnU9GJuSwdog/tZsA=
github.com/gorilla/handlers v1.4.0/go.mod h1:Qkdc/uu4tH4g6mTK6auzZ766c4CA0Ng8+o/OAirnOIQ=
github.com/gorilla/mux v1.7.1 h1:Dw4jY2nghMMRsh1ol8dv1axHkDwMQK2DHerMNJsIpJU=
github.com/gorilla/mux v1.7.1/go.mod h1:1lud6UwP+6orDFRuTfBEV8e9/aOM/c4fVVCaMa2zaAs=
github.com/lib/pq v1.1.0 h1:/5u4a+KGJptBRqGzPvYQL9p0d/tPR4S31+Tnzj9lEO4=
github.com/lib/pq v1.1.0/go.mod h1:5WUZQaWbwv1U+lTReE5YruASi9Al49XbQIvNi/34Woo=
github.com/nedson202/book-api-go v0.0.0-20190426104416-baa760bb4f73 h1:L7bS0reRKLbgNu73BpBb92XUA5QTVnw1oHJ4vjFHAhQ=
github.com/nedson202/book-api-go v0.0.0-20190426104416-baa760bb4f73/go.mod h1:da6DIwfWyRD/fI7yK1tX10gA7BwELMTZ7ng38MjNETM=
github.com/nedson202/book-api-go v0.0.0-20190426113148-428ec46f50b9 h1:SdZ/jwc7WXDrjGgIpTv8YQZ5fQQOBcmfQc04sbt5s8A=
github.com/nedson202/book-api-go v0.0.0-20190426113148-428ec46f50b9/go.mod h1:da6DIwfWyRD/fI7yK1tX10gA7BwELMTZ7ng38MjNETM=
github.com/subosito/gotenv v1.1.1 h1:TWxckSF6WVKWbo2M3tMqCtWa9NFUgqM1SSynxmYONOI=
github.com/subosito/gotenv v1.1.1/go.mod h1:N0PQaV/YGNqwC0u51sEeR/aUtSLEXKX9iv69rRypqCw=
